// !$*UTF8*$!
{
	archiveVersion = 1;
	classes = {
	};
	objectVersion = 56;
	objects = {

/* Begin PBXBuildFile section */
		4A2F32852B3EA3D700241B72 /* main.swift in Sources */ = {isa = PBXBuildFile; fileRef = 4A2F32842B3EA3D700241B72 /* main.swift */; };
		4A672C0D2B3073C70021188D /* main.swift in Sources */ = {isa = PBXBuildFile; fileRef = 4A672C0C2B3073C70021188D /* main.swift */; };
/* End PBXBuildFile section */

/* Begin PBXCopyFilesBuildPhase section */
		4A672B812B306C020021188D /* CopyFiles */ = {
			isa = PBXCopyFilesBuildPhase;
			buildActionMask = 2147483647;
			dstPath = /usr/share/man/man1/;
			dstSubfolderSpec = 0;
			files = (
			);
			runOnlyForDeploymentPostprocessing = 1;
		};
/* End PBXCopyFilesBuildPhase section */

/* Begin PBXFileReference section */
		4A2F32842B3EA3D700241B72 /* main.swift */ = {isa = PBXFileReference; lastKnownFileType = sourcecode.swift; path = main.swift; sourceTree = "<group>"; };
		4A672B832B306C020021188D /* baekjoon_Algorithm */ = {isa = PBXFileReference; explicitFileType = "compiled.mach-o.executable"; includeInIndex = 0; path = baekjoon_Algorithm; sourceTree = BUILT_PRODUCTS_DIR; };
		4A672BCC2B306CF20021188D /* main.swift */ = {isa = PBXFileReference; lastKnownFileType = sourcecode.swift; path = main.swift; sourceTree = "<group>"; };
		4A672BCE2B306CF20021188D /* main.swift */ = {isa = PBXFileReference; lastKnownFileType = sourcecode.swift; path = main.swift; sourceTree = "<group>"; };
		4A672BD02B306CF20021188D /* main.swift */ = {isa = PBXFileReference; lastKnownFileType = sourcecode.swift; path = main.swift; sourceTree = "<group>"; };
		4A672BD22B306CF20021188D /* main.swift */ = {isa = PBXFileReference; lastKnownFileType = sourcecode.swift; path = main.swift; sourceTree = "<group>"; };
		4A672BD42B306CF20021188D /* main.swift */ = {isa = PBXFileReference; lastKnownFileType = sourcecode.swift; path = main.swift; sourceTree = "<group>"; };
		4A672BD62B306CF20021188D /* main.swift */ = {isa = PBXFileReference; lastKnownFileType = sourcecode.swift; path = main.swift; sourceTree = "<group>"; };
		4A672BD82B306CF20021188D /* main.swift */ = {isa = PBXFileReference; lastKnownFileType = sourcecode.swift; path = main.swift; sourceTree = "<group>"; };
		4A672BDA2B306CF20021188D /* main.swift */ = {isa = PBXFileReference; lastKnownFileType = sourcecode.swift; path = main.swift; sourceTree = "<group>"; };
		4A672BDC2B306CF20021188D /* main.swift */ = {isa = PBXFileReference; lastKnownFileType = sourcecode.swift; path = main.swift; sourceTree = "<group>"; };
		4A672BDE2B306CF30021188D /* main.swift */ = {isa = PBXFileReference; lastKnownFileType = sourcecode.swift; path = main.swift; sourceTree = "<group>"; };
		4A672BE02B306CF30021188D /* main.swift */ = {isa = PBXFileReference; lastKnownFileType = sourcecode.swift; path = main.swift; sourceTree = "<group>"; };
		4A672BE22B306CF30021188D /* main.swift */ = {isa = PBXFileReference; lastKnownFileType = sourcecode.swift; path = main.swift; sourceTree = "<group>"; };
		4A672BE42B306CF30021188D /* main.swift */ = {isa = PBXFileReference; lastKnownFileType = sourcecode.swift; path = main.swift; sourceTree = "<group>"; };
		4A672BE62B306CF30021188D /* main.swift */ = {isa = PBXFileReference; lastKnownFileType = sourcecode.swift; path = main.swift; sourceTree = "<group>"; };
		4A672BE82B306CF30021188D /* main.swift */ = {isa = PBXFileReference; lastKnownFileType = sourcecode.swift; path = main.swift; sourceTree = "<group>"; };
		4A672BEA2B306CF30021188D /* main.swift */ = {isa = PBXFileReference; lastKnownFileType = sourcecode.swift; path = main.swift; sourceTree = "<group>"; };
		4A672BEC2B306CF30021188D /* main.swift */ = {isa = PBXFileReference; lastKnownFileType = sourcecode.swift; path = main.swift; sourceTree = "<group>"; };
		4A672BEE2B306CF30021188D /* main.swift */ = {isa = PBXFileReference; lastKnownFileType = sourcecode.swift; path = main.swift; sourceTree = "<group>"; };
		4A672BF02B306CF30021188D /* main.swift */ = {isa = PBXFileReference; lastKnownFileType = sourcecode.swift; path = main.swift; sourceTree = "<group>"; };
		4A672BF22B306CF30021188D /* main.swift */ = {isa = PBXFileReference; lastKnownFileType = sourcecode.swift; path = main.swift; sourceTree = "<group>"; };
		4A672BF42B306CF30021188D /* main.swift */ = {isa = PBXFileReference; lastKnownFileType = sourcecode.swift; path = main.swift; sourceTree = "<group>"; };
		4A672BF62B306CF30021188D /* main.swift */ = {isa = PBXFileReference; lastKnownFileType = sourcecode.swift; path = main.swift; sourceTree = "<group>"; };
		4A672BF82B306CF30021188D /* main.swift */ = {isa = PBXFileReference; lastKnownFileType = sourcecode.swift; path = main.swift; sourceTree = "<group>"; };
		4A672BFA2B306CF30021188D /* main.swift */ = {isa = PBXFileReference; lastKnownFileType = sourcecode.swift; path = main.swift; sourceTree = "<group>"; };
		4A672BFC2B306CF30021188D /* main.swift */ = {isa = PBXFileReference; lastKnownFileType = sourcecode.swift; path = main.swift; sourceTree = "<group>"; };
		4A672BFE2B306CF30021188D /* main.swift */ = {isa = PBXFileReference; lastKnownFileType = sourcecode.swift; path = main.swift; sourceTree = "<group>"; };
		4A672C002B306CF30021188D /* main.swift */ = {isa = PBXFileReference; lastKnownFileType = sourcecode.swift; path = main.swift; sourceTree = "<group>"; };
		4A672C022B306CF30021188D /* main.swift */ = {isa = PBXFileReference; lastKnownFileType = sourcecode.swift; path = main.swift; sourceTree = "<group>"; };
		4A672C042B306CF30021188D /* main.swift */ = {isa = PBXFileReference; lastKnownFileType = sourcecode.swift; path = main.swift; sourceTree = "<group>"; };
		4A672C062B306CF30021188D /* main.swift */ = {isa = PBXFileReference; lastKnownFileType = sourcecode.swift; path = main.swift; sourceTree = "<group>"; };
		4A672C082B306D070021188D /* main.swift */ = {isa = PBXFileReference; lastKnownFileType = sourcecode.swift; path = main.swift; sourceTree = "<group>"; };
		4A672C0C2B3073C70021188D /* main.swift */ = {isa = PBXFileReference; lastKnownFileType = sourcecode.swift; path = main.swift; sourceTree = "<group>"; };
/* End PBXFileReference section */

/* Begin PBXFrameworksBuildPhase section */
		4A672B802B306C020021188D /* Frameworks */ = {
			isa = PBXFrameworksBuildPhase;
			buildActionMask = 2147483647;
			files = (
			);
			runOnlyForDeploymentPostprocessing = 0;
		};
/* End PBXFrameworksBuildPhase section */

/* Begin PBXGroup section */
		4A2F32832B3EA39A00241B72 /* boj-5766 */ = {
			isa = PBXGroup;
			children = (
				4A2F32842B3EA3D700241B72 /* main.swift */,
			);
			path = "boj-5766";
			sourceTree = "<group>";
		};
		4A672B7A2B306C020021188D = {
			isa = PBXGroup;
			children = (
				4A672B852B306C020021188D /* baekjoon_Algorithm */,
				4A672B842B306C020021188D /* Products */,
			);
			sourceTree = "<group>";
		};
		4A672B842B306C020021188D /* Products */ = {
			isa = PBXGroup;
			children = (
				4A672B832B306C020021188D /* baekjoon_Algorithm */,
			);
			name = Products;
			sourceTree = "<group>";
		};
		4A672B852B306C020021188D /* baekjoon_Algorithm */ = {
			isa = PBXGroup;
			children = (
				4A2F32832B3EA39A00241B72 /* boj-5766 */,
				4A672BDD2B306CF30021188D /* boj-1012 */,
				4A672BF72B306CF30021188D /* boj-1074 */,
				4A672BE92B306CF30021188D /* boj-1260 */,
				4A672BFF2B306CF30021188D /* boj-1309 */,
				4A672BF92B306CF30021188D /* boj-1541 */,
				4A672BE72B306CF30021188D /* boj-1629 */,
				4A672BEF2B306CF30021188D /* boj-1713 */,
				4A672C052B306CF30021188D /* boj-1717 */,
				4A672BE32B306CF30021188D /* boj-1912 */,
				4A672BDB2B306CF20021188D /* boj-1931 */,
				4A672BFD2B306CF30021188D /* boj-1991 */,
				4A672BD52B306CF20021188D /* boj-1992 */,
				4A672BF32B306CF30021188D /* boj-2133 */,
				4A672BE12B306CF30021188D /* boj-2504 */,
				4A672C0B2B3073AE0021188D /* boj-2644 */,
				4A672BCB2B306CF20021188D /* boj-2630 */,
				4A672BFB2B306CF30021188D /* boj-2667 */,
				4A672BD12B306CF20021188D /* boj-2961 */,
				4A672BD32B306CF20021188D /* boj-3085 */,
				4A672BED2B306CF30021188D /* boj-5212 */,
				4A672BE52B306CF30021188D /* boj-10844 */,
				4A672BF12B306CF30021188D /* boj-11403 */,
				4A672BD72B306CF20021188D /* boj-11725 */,
				4A672BEB2B306CF30021188D /* boj-11726 */,
				4A672BD92B306CF20021188D /* boj-12865 */,
				4A672C032B306CF30021188D /* boj-12933 */,
				4A672BCD2B306CF20021188D /* boj-14567 */,
				4A672BF52B306CF30021188D /* boj-15787 */,
				4A672BDF2B306CF30021188D /* boj-17276 */,
				4A672BCF2B306CF20021188D /* boj-17413 */,
				4A672C072B306D070021188D /* boj-22871 */,
				4A672C012B306CF30021188D /* boj-21317 */,
			);
			path = baekjoon_Algorithm;
			sourceTree = "<group>";
		};
		4A672BCB2B306CF20021188D /* boj-2630 */ = {
			isa = PBXGroup;
			children = (
				4A672BCC2B306CF20021188D /* main.swift */,
			);
			path = "boj-2630";
			sourceTree = "<group>";
		};
		4A672BCD2B306CF20021188D /* boj-14567 */ = {
			isa = PBXGroup;
			children = (
				4A672BCE2B306CF20021188D /* main.swift */,
			);
			path = "boj-14567";
			sourceTree = "<group>";
		};
		4A672BCF2B306CF20021188D /* boj-17413 */ = {
			isa = PBXGroup;
			children = (
				4A672BD02B306CF20021188D /* main.swift */,
			);
			path = "boj-17413";
			sourceTree = "<group>";
		};
		4A672BD12B306CF20021188D /* boj-2961 */ = {
			isa = PBXGroup;
			children = (
				4A672BD22B306CF20021188D /* main.swift */,
			);
			path = "boj-2961";
			sourceTree = "<group>";
		};
		4A672BD32B306CF20021188D /* boj-3085 */ = {
			isa = PBXGroup;
			children = (
				4A672BD42B306CF20021188D /* main.swift */,
			);
			path = "boj-3085";
			sourceTree = "<group>";
		};
		4A672BD52B306CF20021188D /* boj-1992 */ = {
			isa = PBXGroup;
			children = (
				4A672BD62B306CF20021188D /* main.swift */,
			);
			path = "boj-1992";
			sourceTree = "<group>";
		};
		4A672BD72B306CF20021188D /* boj-11725 */ = {
			isa = PBXGroup;
			children = (
				4A672BD82B306CF20021188D /* main.swift */,
			);
			path = "boj-11725";
			sourceTree = "<group>";
		};
		4A672BD92B306CF20021188D /* boj-12865 */ = {
			isa = PBXGroup;
			children = (
				4A672BDA2B306CF20021188D /* main.swift */,
			);
			path = "boj-12865";
			sourceTree = "<group>";
		};
		4A672BDB2B306CF20021188D /* boj-1931 */ = {
			isa = PBXGroup;
			children = (
				4A672BDC2B306CF20021188D /* main.swift */,
			);
			path = "boj-1931";
			sourceTree = "<group>";
		};
		4A672BDD2B306CF30021188D /* boj-1012 */ = {
			isa = PBXGroup;
			children = (
				4A672BDE2B306CF30021188D /* main.swift */,
			);
			path = "boj-1012";
			sourceTree = "<group>";
		};
		4A672BDF2B306CF30021188D /* boj-17276 */ = {
			isa = PBXGroup;
			children = (
				4A672BE02B306CF30021188D /* main.swift */,
			);
			path = "boj-17276";
			sourceTree = "<group>";
		};
		4A672BE12B306CF30021188D /* boj-2504 */ = {
			isa = PBXGroup;
			children = (
				4A672BE22B306CF30021188D /* main.swift */,
			);
			path = "boj-2504";
			sourceTree = "<group>";
		};
		4A672BE32B306CF30021188D /* boj-1912 */ = {
			isa = PBXGroup;
			children = (
				4A672BE42B306CF30021188D /* main.swift */,
			);
			path = "boj-1912";
			sourceTree = "<group>";
		};
		4A672BE52B306CF30021188D /* boj-10844 */ = {
			isa = PBXGroup;
			children = (
				4A672BE62B306CF30021188D /* main.swift */,
			);
			path = "boj-10844";
			sourceTree = "<group>";
		};
		4A672BE72B306CF30021188D /* boj-1629 */ = {
			isa = PBXGroup;
			children = (
				4A672BE82B306CF30021188D /* main.swift */,
			);
			path = "boj-1629";
			sourceTree = "<group>";
		};
		4A672BE92B306CF30021188D /* boj-1260 */ = {
			isa = PBXGroup;
			children = (
				4A672BEA2B306CF30021188D /* main.swift */,
			);
			path = "boj-1260";
			sourceTree = "<group>";
		};
		4A672BEB2B306CF30021188D /* boj-11726 */ = {
			isa = PBXGroup;
			children = (
				4A672BEC2B306CF30021188D /* main.swift */,
			);
			path = "boj-11726";
			sourceTree = "<group>";
		};
		4A672BED2B306CF30021188D /* boj-5212 */ = {
			isa = PBXGroup;
			children = (
				4A672BEE2B306CF30021188D /* main.swift */,
			);
			path = "boj-5212";
			sourceTree = "<group>";
		};
		4A672BEF2B306CF30021188D /* boj-1713 */ = {
			isa = PBXGroup;
			children = (
				4A672BF02B306CF30021188D /* main.swift */,
			);
			path = "boj-1713";
			sourceTree = "<group>";
		};
		4A672BF12B306CF30021188D /* boj-11403 */ = {
			isa = PBXGroup;
			children = (
				4A672BF22B306CF30021188D /* main.swift */,
			);
			path = "boj-11403";
			sourceTree = "<group>";
		};
		4A672BF32B306CF30021188D /* boj-2133 */ = {
			isa = PBXGroup;
			children = (
				4A672BF42B306CF30021188D /* main.swift */,
			);
			path = "boj-2133";
			sourceTree = "<group>";
		};
		4A672BF52B306CF30021188D /* boj-15787 */ = {
			isa = PBXGroup;
			children = (
				4A672BF62B306CF30021188D /* main.swift */,
			);
			path = "boj-15787";
			sourceTree = "<group>";
		};
		4A672BF72B306CF30021188D /* boj-1074 */ = {
			isa = PBXGroup;
			children = (
				4A672BF82B306CF30021188D /* main.swift */,
			);
			path = "boj-1074";
			sourceTree = "<group>";
		};
		4A672BF92B306CF30021188D /* boj-1541 */ = {
			isa = PBXGroup;
			children = (
				4A672BFA2B306CF30021188D /* main.swift */,
			);
			path = "boj-1541";
			sourceTree = "<group>";
		};
		4A672BFB2B306CF30021188D /* boj-2667 */ = {
			isa = PBXGroup;
			children = (
				4A672BFC2B306CF30021188D /* main.swift */,
			);
			path = "boj-2667";
			sourceTree = "<group>";
		};
		4A672BFD2B306CF30021188D /* boj-1991 */ = {
			isa = PBXGroup;
			children = (
				4A672BFE2B306CF30021188D /* main.swift */,
			);
			path = "boj-1991";
			sourceTree = "<group>";
		};
		4A672BFF2B306CF30021188D /* boj-1309 */ = {
			isa = PBXGroup;
			children = (
				4A672C002B306CF30021188D /* main.swift */,
			);
			path = "boj-1309";
			sourceTree = "<group>";
		};
		4A672C012B306CF30021188D /* boj-21317 */ = {
			isa = PBXGroup;
			children = (
				4A672C022B306CF30021188D /* main.swift */,
			);
			path = "boj-21317";
			sourceTree = "<group>";
		};
		4A672C032B306CF30021188D /* boj-12933 */ = {
			isa = PBXGroup;
			children = (
				4A672C042B306CF30021188D /* main.swift */,
			);
			path = "boj-12933";
			sourceTree = "<group>";
		};
		4A672C052B306CF30021188D /* boj-1717 */ = {
			isa = PBXGroup;
			children = (
				4A672C062B306CF30021188D /* main.swift */,
			);
			path = "boj-1717";
			sourceTree = "<group>";
		};
		4A672C072B306D070021188D /* boj-22871 */ = {
			isa = PBXGroup;
			children = (
				4A672C082B306D070021188D /* main.swift */,
			);
			path = "boj-22871";
			sourceTree = "<group>";
		};
		4A672C0B2B3073AE0021188D /* boj-2644 */ = {
			isa = PBXGroup;
			children = (
				4A672C0C2B3073C70021188D /* main.swift */,
			);
			name = "boj-2644";
			path = "baekjoon_Algorithm/boj-2644";
			sourceTree = SOURCE_ROOT;
		};
/* End PBXGroup section */

/* Begin PBXNativeTarget section */
		4A672B822B306C020021188D /* baekjoon_Algorithm */ = {
			isa = PBXNativeTarget;
			buildConfigurationList = 4A672B8A2B306C020021188D /* Build configuration list for PBXNativeTarget "baekjoon_Algorithm" */;
			buildPhases = (
				4A672B7F2B306C020021188D /* Sources */,
				4A672B802B306C020021188D /* Frameworks */,
				4A672B812B306C020021188D /* CopyFiles */,
			);
			buildRules = (
			);
			dependencies = (
			);
			name = baekjoon_Algorithm;
			productName = baekjoon_Algorithm;
			productReference = 4A672B832B306C020021188D /* baekjoon_Algorithm */;
			productType = "com.apple.product-type.tool";
		};
/* End PBXNativeTarget section */

/* Begin PBXProject section */
		4A672B7B2B306C020021188D /* Project object */ = {
			isa = PBXProject;
			attributes = {
				BuildIndependentTargetsInParallel = 1;
				LastSwiftUpdateCheck = 1420;
				LastUpgradeCheck = 1420;
				TargetAttributes = {
					4A672B822B306C020021188D = {
						CreatedOnToolsVersion = 14.2;
					};
				};
			};
			buildConfigurationList = 4A672B7E2B306C020021188D /* Build configuration list for PBXProject "baekjoon_Algorithm" */;
			compatibilityVersion = "Xcode 14.0";
			developmentRegion = en;
			hasScannedForEncodings = 0;
			knownRegions = (
				en,
				Base,
			);
			mainGroup = 4A672B7A2B306C020021188D;
			productRefGroup = 4A672B842B306C020021188D /* Products */;
			projectDirPath = "";
			projectRoot = "";
			targets = (
				4A672B822B306C020021188D /* baekjoon_Algorithm */,
			);
		};
/* End PBXProject section */

/* Begin PBXSourcesBuildPhase section */
		4A672B7F2B306C020021188D /* Sources */ = {
			isa = PBXSourcesBuildPhase;
			buildActionMask = 2147483647;
			files = (
				4A672C0D2B3073C70021188D /* main.swift in Sources */,
				4A2F32852B3EA3D700241B72 /* main.swift in Sources */,
			);
			runOnlyForDeploymentPostprocessing = 0;
		};
/* End PBXSourcesBuildPhase section */

/* Begin XCBuildConfiguration section */
		4A672B882B306C020021188D /* Debug */ = {
			isa = XCBuildConfiguration;
			buildSettings = {
				ALWAYS_SEARCH_USER_PATHS = NO;
				CLANG_ANALYZER_NONNULL = YES;
				CLANG_ANALYZER_NUMBER_OBJECT_CONVERSION = YES_AGGRESSIVE;
				CLANG_CXX_LANGUAGE_STANDARD = "gnu++20";
				CLANG_ENABLE_MODULES = YES;
				CLANG_ENABLE_OBJC_ARC = YES;
				CLANG_ENABLE_OBJC_WEAK = YES;
				CLANG_WARN_BLOCK_CAPTURE_AUTORELEASING = YES;
				CLANG_WARN_BOOL_CONVERSION = YES;
				CLANG_WARN_COMMA = YES;
				CLANG_WARN_CONSTANT_CONVERSION = YES;
				CLANG_WARN_DEPRECATED_OBJC_IMPLEMENTATIONS = YES;
				CLANG_WARN_DIRECT_OBJC_ISA_USAGE = YES_ERROR;
				CLANG_WARN_DOCUMENTATION_COMMENTS = YES;
				CLANG_WARN_EMPTY_BODY = YES;
				CLANG_WARN_ENUM_CONVERSION = YES;
				CLANG_WARN_INFINITE_RECURSION = YES;
				CLANG_WARN_INT_CONVERSION = YES;
				CLANG_WARN_NON_LITERAL_NULL_CONVERSION = YES;
				CLANG_WARN_OBJC_IMPLICIT_RETAIN_SELF = YES;
				CLANG_WARN_OBJC_LITERAL_CONVERSION = YES;
				CLANG_WARN_OBJC_ROOT_CLASS = YES_ERROR;
				CLANG_WARN_QUOTED_INCLUDE_IN_FRAMEWORK_HEADER = YES;
				CLANG_WARN_RANGE_LOOP_ANALYSIS = YES;
				CLANG_WARN_STRICT_PROTOTYPES = YES;
				CLANG_WARN_SUSPICIOUS_MOVE = YES;
				CLANG_WARN_UNGUARDED_AVAILABILITY = YES_AGGRESSIVE;
				CLANG_WARN_UNREACHABLE_CODE = YES;
				CLANG_WARN__DUPLICATE_METHOD_MATCH = YES;
				COPY_PHASE_STRIP = NO;
				DEBUG_INFORMATION_FORMAT = dwarf;
				ENABLE_STRICT_OBJC_MSGSEND = YES;
				ENABLE_TESTABILITY = YES;
				GCC_C_LANGUAGE_STANDARD = gnu11;
				GCC_DYNAMIC_NO_PIC = NO;
				GCC_NO_COMMON_BLOCKS = YES;
				GCC_OPTIMIZATION_LEVEL = 0;
				GCC_PREPROCESSOR_DEFINITIONS = (
					"DEBUG=1",
					"$(inherited)",
				);
				GCC_WARN_64_TO_32_BIT_CONVERSION = YES;
				GCC_WARN_ABOUT_RETURN_TYPE = YES_ERROR;
				GCC_WARN_UNDECLARED_SELECTOR = YES;
				GCC_WARN_UNINITIALIZED_AUTOS = YES_AGGRESSIVE;
				GCC_WARN_UNUSED_FUNCTION = YES;
				GCC_WARN_UNUSED_VARIABLE = YES;
				MACOSX_DEPLOYMENT_TARGET = 12.6;
				MTL_ENABLE_DEBUG_INFO = INCLUDE_SOURCE;
				MTL_FAST_MATH = YES;
				ONLY_ACTIVE_ARCH = YES;
				SDKROOT = macosx;
				SWIFT_ACTIVE_COMPILATION_CONDITIONS = DEBUG;
				SWIFT_OPTIMIZATION_LEVEL = "-Onone";
			};
			name = Debug;
		};
		4A672B892B306C020021188D /* Release */ = {
			isa = XCBuildConfiguration;
			buildSettings = {
				ALWAYS_SEARCH_USER_PATHS = NO;
				CLANG_ANALYZER_NONNULL = YES;
				CLANG_ANALYZER_NUMBER_OBJECT_CONVERSION = YES_AGGRESSIVE;
				CLANG_CXX_LANGUAGE_STANDARD = "gnu++20";
				CLANG_ENABLE_MODULES = YES;
				CLANG_ENABLE_OBJC_ARC = YES;
				CLANG_ENABLE_OBJC_WEAK = YES;
				CLANG_WARN_BLOCK_CAPTURE_AUTORELEASING = YES;
				CLANG_WARN_BOOL_CONVERSION = YES;
				CLANG_WARN_COMMA = YES;
				CLANG_WARN_CONSTANT_CONVERSION = YES;
				CLANG_WARN_DEPRECATED_OBJC_IMPLEMENTATIONS = YES;
				CLANG_WARN_DIRECT_OBJC_ISA_USAGE = YES_ERROR;
				CLANG_WARN_DOCUMENTATION_COMMENTS = YES;
				CLANG_WARN_EMPTY_BODY = YES;
				CLANG_WARN_ENUM_CONVERSION = YES;
				CLANG_WARN_INFINITE_RECURSION = YES;
				CLANG_WARN_INT_CONVERSION = YES;
				CLANG_WARN_NON_LITERAL_NULL_CONVERSION = YES;
				CLANG_WARN_OBJC_IMPLICIT_RETAIN_SELF = YES;
				CLANG_WARN_OBJC_LITERAL_CONVERSION = YES;
				CLANG_WARN_OBJC_ROOT_CLASS = YES_ERROR;
				CLANG_WARN_QUOTED_INCLUDE_IN_FRAMEWORK_HEADER = YES;
				CLANG_WARN_RANGE_LOOP_ANALYSIS = YES;
				CLANG_WARN_STRICT_PROTOTYPES = YES;
				CLANG_WARN_SUSPICIOUS_MOVE = YES;
				CLANG_WARN_UNGUARDED_AVAILABILITY = YES_AGGRESSIVE;
				CLANG_WARN_UNREACHABLE_CODE = YES;
				CLANG_WARN__DUPLICATE_METHOD_MATCH = YES;
				COPY_PHASE_STRIP = NO;
				DEBUG_INFORMATION_FORMAT = "dwarf-with-dsym";
				ENABLE_NS_ASSERTIONS = NO;
				ENABLE_STRICT_OBJC_MSGSEND = YES;
				GCC_C_LANGUAGE_STANDARD = gnu11;
				GCC_NO_COMMON_BLOCKS = YES;
				GCC_WARN_64_TO_32_BIT_CONVERSION = YES;
				GCC_WARN_ABOUT_RETURN_TYPE = YES_ERROR;
				GCC_WARN_UNDECLARED_SELECTOR = YES;
				GCC_WARN_UNINITIALIZED_AUTOS = YES_AGGRESSIVE;
				GCC_WARN_UNUSED_FUNCTION = YES;
				GCC_WARN_UNUSED_VARIABLE = YES;
				MACOSX_DEPLOYMENT_TARGET = 12.6;
				MTL_ENABLE_DEBUG_INFO = NO;
				MTL_FAST_MATH = YES;
				SDKROOT = macosx;
				SWIFT_COMPILATION_MODE = wholemodule;
				SWIFT_OPTIMIZATION_LEVEL = "-O";
			};
			name = Release;
		};
		4A672B8B2B306C020021188D /* Debug */ = {
			isa = XCBuildConfiguration;
			buildSettings = {
				CODE_SIGN_STYLE = Automatic;
				PRODUCT_NAME = "$(TARGET_NAME)";
				SWIFT_VERSION = 5.0;
			};
			name = Debug;
		};
		4A672B8C2B306C020021188D /* Release */ = {
			isa = XCBuildConfiguration;
			buildSettings = {
				CODE_SIGN_STYLE = Automatic;
				PRODUCT_NAME = "$(TARGET_NAME)";
				SWIFT_VERSION = 5.0;
			};
			name = Release;
		};
/* End XCBuildConfiguration section */

/* Begin XCConfigurationList section */
		4A672B7E2B306C020021188D /* Build configuration list for PBXProject "baekjoon_Algorithm" */ = {
			isa = XCConfigurationList;
			buildConfigurations = (
				4A672B882B306C020021188D /* Debug */,
				4A672B892B306C020021188D /* Release */,
			);
			defaultConfigurationIsVisible = 0;
			defaultConfigurationName = Release;
		};
		4A672B8A2B306C020021188D /* Build configuration list for PBXNativeTarget "baekjoon_Algorithm" */ = {
			isa = XCConfigurationList;
			buildConfigurations = (
				4A672B8B2B306C020021188D /* Debug */,
				4A672B8C2B306C020021188D /* Release */,
			);
			defaultConfigurationIsVisible = 0;
			defaultConfigurationName = Release;
		};
/* End XCConfigurationList section */
	};
	rootObject = 4A672B7B2B306C020021188D /* Project object */;
}
